{
  "name": "torchcraft",
  "version": "0.0.12",
  "lockfileVersion": 3,
  "requires": true,
  "packages": {
    "": {
      "name": "torchcraft",
      "version": "0.0.12",
      "license": "MIT",
      "dependencies": {
        "systeminformation": "^5.18.12"
      },
      "bin": {
        "torchcraft": "bin/index.js"
      }
    },
    "node_modules/systeminformation": {
      "version": "5.18.12",
      "resolved": "https://registry.npmjs.org/systeminformation/-/systeminformation-5.18.12.tgz",
      "integrity": "sha512-xXnT44zWVL7eADtbqQyEmAU/+nFQW1wl2DQ4d64E+zPicBwYV8lBcNmUYxGVEBC2EyGfSKinceal0eiHC8NJPw==",
      "os": [
        "darwin",
        "linux",
        "win32",
        "freebsd",
        "openbsd",
        "netbsd",
        "sunos",
        "android"
      ],
      "bin": {
        "systeminformation": "lib/cli.js"
      },
      "engines": {
        "node": ">=8.0.0"
      },
      "funding": {
        "type": "Buy me a coffee",
        "url": "https://www.buymeacoffee.com/systeminfo"
      }
    }
  }
}
